
Microsoft Visual Studio Solution File, Format Version 12.00
# Visual Studio 15
VisualStudioVersion = 15.0.28307.168
MinimumVisualStudioVersion = 10.0.40219.1
Project("{FAE04EC0-301F-11D3-BF4B-00C04F79EFBC}") = "csd3354-1-week5_", "csd3354-1-week5_\csd3354-1-week5_.csproj", "{86A72FAD-251F-41F6-9FFF-63664E3A75C0}"
EndProject
Global
	GlobalSection(SolutionConfigurationPlatforms) = preSolution
		Debug|Any CPU = Debug|Any CPU
		Release|Any CPU = Release|Any CPU
	EndGlobalSection
	GlobalSection(ProjectConfigurationPlatforms) = postSolution
		{86A72FAD-251F-41F6-9FFF-63664E3A75C0}.Debug|Any CPU.ActiveCfg = Debug|Any CPU
		{86A72FAD-251F-41F6-9FFF-63664E3A75C0}.Debug|Any CPU.Build.0 = Debug|Any CPU
		{86A72FAD-251F-41F6-9FFF-63664E3A75C0}.Release|Any CPU.ActiveCfg = Release|Any CPU
		{86A72FAD-251F-41F6-9FFF-63664E3A75C0}.Release|Any CPU.Build.0 = Release|Any CPU
	EndGlobalSection
	GlobalSection(SolutionProperties) = preSolution
		HideSolutionNode = FALSE
	EndGlobalSection
	GlobalSection(ExtensibilityGlobals) = postSolution
		SolutionGuid = {ED5DC0CA-0692-4067-ABA4-5F2471413BCE}
	EndGlobalSection
EndGlobal
